{
  "name": "upgrade-basic-algorithms",
  "version": "1.0.0",
  "lockfileVersion": 2,
  "requires": true,
  "description": "",
  "keywords": [],
  "license": "ISC",
  "main": "index.js",
  "packages": {},
  "devDependencies": {
    "bootstrap": "^4.5.0",
    "copy-webpack-plugin": "^6.0.2",
    "file-loader": "^6.0.0",
    "jquery": "^3.5.1",
    "node-sass": "^4.14.1",
    "sass-loader": "^8.0.2"
  },
  "scripts": {
    "dev": "webpack-dev-server"
  }
}
